
Microsoft Visual Studio Solution File, Format Version 12.00
# Visual Studio Version 16
VisualStudioVersion = 16.0.31729.503
MinimumVisualStudioVersion = 10.0.40219.1
Project("{9A19103F-16F7-4668-BE54-9A1E7A4F7556}") = "APIGateway", "APIGateway.csproj", "{28C71692-84A9-44EF-9FF0-B7208E3D5B2F}"
EndProject
Project("{FAE04EC0-301F-11D3-BF4B-00C04F79EFBC}") = "AuthenticationServer", "..\AuthenticationServer\AuthenticationServer.csproj", "{BA8CFB10-B17D-4201-A903-67BBEA41D7A5}"
EndProject
Global
	GlobalSection(SolutionConfigurationPlatforms) = preSolution
		Debug|Any CPU = Debug|Any CPU
		Release|Any CPU = Release|Any CPU
	EndGlobalSection
	GlobalSection(ProjectConfigurationPlatforms) = postSolution
		{28C71692-84A9-44EF-9FF0-B7208E3D5B2F}.Debug|Any CPU.ActiveCfg = Debug|Any CPU
		{28C71692-84A9-44EF-9FF0-B7208E3D5B2F}.Debug|Any CPU.Build.0 = Debug|Any CPU
		{28C71692-84A9-44EF-9FF0-B7208E3D5B2F}.Release|Any CPU.ActiveCfg = Release|Any CPU
		{28C71692-84A9-44EF-9FF0-B7208E3D5B2F}.Release|Any CPU.Build.0 = Release|Any CPU
		{BA8CFB10-B17D-4201-A903-67BBEA41D7A5}.Debug|Any CPU.ActiveCfg = Debug|Any CPU
		{BA8CFB10-B17D-4201-A903-67BBEA41D7A5}.Debug|Any CPU.Build.0 = Debug|Any CPU
		{BA8CFB10-B17D-4201-A903-67BBEA41D7A5}.Release|Any CPU.ActiveCfg = Release|Any CPU
		{BA8CFB10-B17D-4201-A903-67BBEA41D7A5}.Release|Any CPU.Build.0 = Release|Any CPU
	EndGlobalSection
	GlobalSection(SolutionProperties) = preSolution
		HideSolutionNode = FALSE
	EndGlobalSection
	GlobalSection(ExtensibilityGlobals) = postSolution
		SolutionGuid = {F7F8EE18-D8C6-4A76-AE88-0AC0B4DFEF70}
	EndGlobalSection
EndGlobal
